{
  "name": "tema_curso",
  "version": "1.0.0",
  "lockfileVersion": 1,
  "requires": true,
  "dependencies": {
    "@po-ui/style": {
      "version": "2.10.0",
      "resolved": "https://registry.npmjs.org/@po-ui/style/-/style-2.10.0.tgz",
      "integrity": "sha512-VKTYnUzZURKBIYQVhb4a5/I+Iiu5RMKwnoMDpj1eISngoV85HuTmS1Cf5Tl8H3g5Qq+yXqEmaqTwaAVq0mlbgw==",
      "dev": true
    }
  }
}
